
Microsoft Visual Studio Solution File, Format Version 12.00
# Visual Studio Version 16
VisualStudioVersion = 16.0.30517.126
MinimumVisualStudioVersion = 10.0.40219.1
Project("{FAE04EC0-301F-11D3-BF4B-00C04F79EFBC}") = "Messi_app", "Messi_app.csproj", "{6FCE5C03-1B59-42DF-A104-596327EE71C7}"
EndProject
Project("{FAE04EC0-301F-11D3-BF4B-00C04F79EFBC}") = "Classes_Messi", "..\Classes_Messi\Classes_Messi.csproj", "{DF370B76-D4B9-4AD6-8331-6F8DD04729F5}"
EndProject
Global
	GlobalSection(SolutionConfigurationPlatforms) = preSolution
		Debug|Any CPU = Debug|Any CPU
		Release|Any CPU = Release|Any CPU
	EndGlobalSection
	GlobalSection(ProjectConfigurationPlatforms) = postSolution
		{6FCE5C03-1B59-42DF-A104-596327EE71C7}.Debug|Any CPU.ActiveCfg = Debug|Any CPU
		{6FCE5C03-1B59-42DF-A104-596327EE71C7}.Debug|Any CPU.Build.0 = Debug|Any CPU
		{6FCE5C03-1B59-42DF-A104-596327EE71C7}.Release|Any CPU.ActiveCfg = Release|Any CPU
		{6FCE5C03-1B59-42DF-A104-596327EE71C7}.Release|Any CPU.Build.0 = Release|Any CPU
		{DF370B76-D4B9-4AD6-8331-6F8DD04729F5}.Debug|Any CPU.ActiveCfg = Debug|Any CPU
		{DF370B76-D4B9-4AD6-8331-6F8DD04729F5}.Debug|Any CPU.Build.0 = Debug|Any CPU
		{DF370B76-D4B9-4AD6-8331-6F8DD04729F5}.Release|Any CPU.ActiveCfg = Release|Any CPU
		{DF370B76-D4B9-4AD6-8331-6F8DD04729F5}.Release|Any CPU.Build.0 = Release|Any CPU
	EndGlobalSection
	GlobalSection(SolutionProperties) = preSolution
		HideSolutionNode = FALSE
	EndGlobalSection
	GlobalSection(ExtensibilityGlobals) = postSolution
		SolutionGuid = {8E1B63FB-80F4-412A-BCC1-8652FCA9BDBB}
	EndGlobalSection
EndGlobal
